
Microsoft Visual Studio Solution File, Format Version 12.00
# Visual Studio Version 17
VisualStudioVersion = 17.0.32014.148
MinimumVisualStudioVersion = 10.0.40219.1
Project("{FAE04EC0-301F-11D3-BF4B-00C04F79EFBC}") = "AppLista3_Lógica", "AppLista3_Lógica\AppLista3_Lógica.csproj", "{02AEC35F-96A4-43D9-8590-37E943AB5F32}"
EndProject
Global
	GlobalSection(SolutionConfigurationPlatforms) = preSolution
		Debug|Any CPU = Debug|Any CPU
		Release|Any CPU = Release|Any CPU
	EndGlobalSection
	GlobalSection(ProjectConfigurationPlatforms) = postSolution
		{02AEC35F-96A4-43D9-8590-37E943AB5F32}.Debug|Any CPU.ActiveCfg = Debug|Any CPU
		{02AEC35F-96A4-43D9-8590-37E943AB5F32}.Debug|Any CPU.Build.0 = Debug|Any CPU
		{02AEC35F-96A4-43D9-8590-37E943AB5F32}.Release|Any CPU.ActiveCfg = Release|Any CPU
		{02AEC35F-96A4-43D9-8590-37E943AB5F32}.Release|Any CPU.Build.0 = Release|Any CPU
	EndGlobalSection
	GlobalSection(SolutionProperties) = preSolution
		HideSolutionNode = FALSE
	EndGlobalSection
	GlobalSection(ExtensibilityGlobals) = postSolution
		SolutionGuid = {138550AC-238D-46A0-8683-4990E53CFBD6}
	EndGlobalSection
EndGlobal
